
Microsoft Visual Studio Solution File, Format Version 12.00
# Visual Studio Version 17
VisualStudioVersion = 17.14.36429.23 d17.14
MinimumVisualStudioVersion = 10.0.40219.1
Project("{FAE04EC0-301F-11D3-BF4B-00C04F79EFBC}") = "CQRS_Demo", "CQRS_Demo\CQRS_Demo.csproj", "{30EC7CCE-5A64-4917-B979-68A1161AE959}"
EndProject
Global
	GlobalSection(SolutionConfigurationPlatforms) = preSolution
		Debug|Any CPU = Debug|Any CPU
		Release|Any CPU = Release|Any CPU
	EndGlobalSection
	GlobalSection(ProjectConfigurationPlatforms) = postSolution
		{30EC7CCE-5A64-4917-B979-68A1161AE959}.Debug|Any CPU.ActiveCfg = Debug|Any CPU
		{30EC7CCE-5A64-4917-B979-68A1161AE959}.Debug|Any CPU.Build.0 = Debug|Any CPU
		{30EC7CCE-5A64-4917-B979-68A1161AE959}.Release|Any CPU.ActiveCfg = Release|Any CPU
		{30EC7CCE-5A64-4917-B979-68A1161AE959}.Release|Any CPU.Build.0 = Release|Any CPU
	EndGlobalSection
	GlobalSection(SolutionProperties) = preSolution
		HideSolutionNode = FALSE
	EndGlobalSection
	GlobalSection(ExtensibilityGlobals) = postSolution
		SolutionGuid = {8E2AEBFB-362E-40B1-A2BF-8A82C4CBD234}
	EndGlobalSection
EndGlobal
